// !$*UTF8*$!
{
	archiveVersion = 1;
	classes = {
	};
	objectVersion = 46;
	objects = {

/* Begin PBXBuildFile section */
		849728AB18D70570008789FB /* Foundation.framework in Frameworks */ = {isa = PBXBuildFile; fileRef = 849728AA18D70570008789FB /* Foundation.framework */; };
		849728AD18D70570008789FB /* CoreGraphics.framework in Frameworks */ = {isa = PBXBuildFile; fileRef = 849728AC18D70570008789FB /* CoreGraphics.framework */; };
		849728AF18D70570008789FB /* UIKit.framework in Frameworks */ = {isa = PBXBuildFile; fileRef = 849728AE18D70570008789FB /* UIKit.framework */; };
		849728B518D70570008789FB /* InfoPlist.strings in Resources */ = {isa = PBXBuildFile; fileRef = 849728B318D70570008789FB /* InfoPlist.strings */; };
		849728B718D70570008789FB /* main.m in Sources */ = {isa = PBXBuildFile; fileRef = 849728B618D70570008789FB /* main.m */; };
		849728BB18D70570008789FB /* AppDelegate.m in Sources */ = {isa = PBXBuildFile; fileRef = 849728BA18D70570008789FB /* AppDelegate.m */; };
		849728BD18D70570008789FB /* Images.xcassets in Resources */ = {isa = PBXBuildFile; fileRef = 849728BC18D70570008789FB /* Images.xcassets */; };
		849728C418D70570008789FB /* XCTest.framework in Frameworks */ = {isa = PBXBuildFile; fileRef = 849728C318D70570008789FB /* XCTest.framework */; };
		849728C518D70570008789FB /* Foundation.framework in Frameworks */ = {isa = PBXBuildFile; fileRef = 849728AA18D70570008789FB /* Foundation.framework */; };
		849728C618D70570008789FB /* UIKit.framework in Frameworks */ = {isa = PBXBuildFile; fileRef = 849728AE18D70570008789FB /* UIKit.framework */; };
		849728CE18D70570008789FB /* InfoPlist.strings in Resources */ = {isa = PBXBuildFile; fileRef = 849728CC18D70570008789FB /* InfoPlist.strings */; };
		849728D018D70570008789FB /* Lesson1Tests.m in Sources */ = {isa = PBXBuildFile; fileRef = 849728CF18D70570008789FB /* Lesson1Tests.m */; };
/* End PBXBuildFile section */

/* Begin PBXContainerItemProxy section */
		849728C718D70570008789FB /* PBXContainerItemProxy */ = {
			isa = PBXContainerItemProxy;
			containerPortal = 8497289F18D70570008789FB /* Project object */;
			proxyType = 1;
			remoteGlobalIDString = 849728A618D70570008789FB;
			remoteInfo = Lesson1;
		};
/* End PBXContainerItemProxy section */

/* Begin PBXFileReference section */
		849728A718D70570008789FB /* Lesson1.app */ = {isa = PBXFileReference; explicitFileType = wrapper.application; includeInIndex = 0; path = Lesson1.app; sourceTree = BUILT_PRODUCTS_DIR; };
		849728AA18D70570008789FB /* Foundation.framework */ = {isa = PBXFileReference; lastKnownFileType = wrapper.framework; name = Foundation.framework; path = System/Library/Frameworks/Foundation.framework; sourceTree = SDKROOT; };
		849728AC18D70570008789FB /* CoreGraphics.framework */ = {isa = PBXFileReference; lastKnownFileType = wrapper.framework; name = CoreGraphics.framework; path = System/Library/Frameworks/CoreGraphics.framework; sourceTree = SDKROOT; };
		849728AE18D70570008789FB /* UIKit.framework */ = {isa = PBXFileReference; lastKnownFileType = wrapper.framework; name = UIKit.framework; path = System/Library/Frameworks/UIKit.framework; sourceTree = SDKROOT; };
		849728B218D70570008789FB /* Lesson1-Info.plist */ = {isa = PBXFileReference; lastKnownFileType = text.plist.xml; path = "Lesson1-Info.plist"; sourceTree = "<group>"; };
		849728B418D70570008789FB /* en */ = {isa = PBXFileReference; lastKnownFileType = text.plist.strings; name = en; path = en.lproj/InfoPlist.strings; sourceTree = "<group>"; };
		849728B618D70570008789FB /* main.m */ = {isa = PBXFileReference; lastKnownFileType = sourcecode.c.objc; path = main.m; sourceTree = "<group>"; };
		849728B818D70570008789FB /* Lesson1-Prefix.pch */ = {isa = PBXFileReference; lastKnownFileType = sourcecode.c.h; path = "Lesson1-Prefix.pch"; sourceTree = "<group>"; };
		849728B918D70570008789FB /* AppDelegate.h */ = {isa = PBXFileReference; lastKnownFileType = sourcecode.c.h; path = AppDelegate.h; sourceTree = "<group>"; };
		849728BA18D70570008789FB /* AppDelegate.m */ = {isa = PBXFileReference; lastKnownFileType = sourcecode.c.objc; path = AppDelegate.m; sourceTree = "<group>"; };
		849728BC18D70570008789FB /* Images.xcassets */ = {isa = PBXFileReference; lastKnownFileType = folder.assetcatalog; path = Images.xcassets; sourceTree = "<group>"; };
		849728C218D70570008789FB /* Lesson1Tests.xctest */ = {isa = PBXFileReference; explicitFileType = wrapper.cfbundle; includeInIndex = 0; path = Lesson1Tests.xctest; sourceTree = BUILT_PRODUCTS_DIR; };
		849728C318D70570008789FB /* XCTest.framework */ = {isa = PBXFileReference; lastKnownFileType = wrapper.framework; name = XCTest.framework; path = Library/Frameworks/XCTest.framework; sourceTree = DEVELOPER_DIR; };
		849728CB18D70570008789FB /* Lesson1Tests-Info.plist */ = {isa = PBXFileReference; lastKnownFileType = text.plist.xml; path = "Lesson1Tests-Info.plist"; sourceTree = "<group>"; };
		849728CD18D70570008789FB /* en */ = {isa = PBXFileReference; lastKnownFileType = text.plist.strings; name = en; path = en.lproj/InfoPlist.strings; sourceTree = "<group>"; };
		849728CF18D70570008789FB /* Lesson1Tests.m */ = {isa = PBXFileReference; lastKnownFileType = sourcecode.c.objc; path = Lesson1Tests.m; sourceTree = "<group>"; };
/* End PBXFileReference section */

/* Begin PBXFrameworksBuildPhase section */
		849728A418D70570008789FB /* Frameworks */ = {
			isa = PBXFrameworksBuildPhase;
			buildActionMask = 2147483647;
			files = (
				849728AD18D70570008789FB /* CoreGraphics.framework in Frameworks */,
				849728AF18D70570008789FB /* UIKit.framework in Frameworks */,
				849728AB18D70570008789FB /* Foundation.framework in Frameworks */,
			);
			runOnlyForDeploymentPostprocessing = 0;
		};
		849728BF18D70570008789FB /* Frameworks */ = {
			isa = PBXFrameworksBuildPhase;
			buildActionMask = 2147483647;
			files = (
				849728C418D70570008789FB /* XCTest.framework in Frameworks */,
				849728C618D70570008789FB /* UIKit.framework in Frameworks */,
				849728C518D70570008789FB /* Foundation.framework in Frameworks */,
			);
			runOnlyForDeploymentPostprocessing = 0;
		};
/* End PBXFrameworksBuildPhase section */

/* Begin PBXGroup section */
		8497289E18D70570008789FB = {
			isa = PBXGroup;
			children = (
				849728B018D70570008789FB /* Lesson1 */,
				849728C918D70570008789FB /* Lesson1Tests */,
				849728A918D70570008789FB /* Frameworks */,
				849728A818D70570008789FB /* Products */,
			);
			sourceTree = "<group>";
		};
		849728A818D70570008789FB /* Products */ = {
			isa = PBXGroup;
			children = (
				849728A718D70570008789FB /* Lesson1.app */,
				849728C218D70570008789FB /* Lesson1Tests.xctest */,
			);
			name = Products;
			sourceTree = "<group>";
		};
		849728A918D70570008789FB /* Frameworks */ = {
			isa = PBXGroup;
			children = (
				849728AA18D70570008789FB /* Foundation.framework */,
				849728AC18D70570008789FB /* CoreGraphics.framework */,
				849728AE18D70570008789FB /* UIKit.framework */,
				849728C318D70570008789FB /* XCTest.framework */,
			);
			name = Frameworks;
			sourceTree = "<group>";
		};
		849728B018D70570008789FB /* Lesson1 */ = {
			isa = PBXGroup;
			children = (
				849728B918D70570008789FB /* AppDelegate.h */,
				849728BA18D70570008789FB /* AppDelegate.m */,
				849728BC18D70570008789FB /* Images.xcassets */,
				849728B118D70570008789FB /* Supporting Files */,
			);
			path = Lesson1;
			sourceTree = "<group>";
		};
		849728B118D70570008789FB /* Supporting Files */ = {
			isa = PBXGroup;
			children = (
				849728B218D70570008789FB /* Lesson1-Info.plist */,
				849728B318D70570008789FB /* InfoPlist.strings */,
				849728B618D70570008789FB /* main.m */,
				849728B818D70570008789FB /* Lesson1-Prefix.pch */,
			);
			name = "Supporting Files";
			sourceTree = "<group>";
		};
		849728C918D70570008789FB /* Lesson1Tests */ = {
			isa = PBXGroup;
			children = (
				849728CF18D70570008789FB /* Lesson1Tests.m */,
				849728CA18D70570008789FB /* Supporting Files */,
			);
			path = Lesson1Tests;
			sourceTree = "<group>";
		};
		849728CA18D70570008789FB /* Supporting Files */ = {
			isa = PBXGroup;
			children = (
				849728CB18D70570008789FB /* Lesson1Tests-Info.plist */,
				849728CC18D70570008789FB /* InfoPlist.strings */,
			);
			name = "Supporting Files";
			sourceTree = "<group>";
		};
/* End PBXGroup section */

/* Begin PBXNativeTarget section */
		849728A618D70570008789FB /* Lesson1 */ = {
			isa = PBXNativeTarget;
			buildConfigurationList = 849728D318D70570008789FB /* Build configuration list for PBXNativeTarget "Lesson1" */;
			buildPhases = (
				849728A318D70570008789FB /* Sources */,
				849728A418D70570008789FB /* Frameworks */,
				849728A518D70570008789FB /* Resources */,
			);
			buildRules = (
			);
			dependencies = (
			);
			name = Lesson1;
			productName = Lesson1;
			productReference = 849728A718D70570008789FB /* Lesson1.app */;
			productType = "com.apple.product-type.application";
		};
		849728C118D70570008789FB /* Lesson1Tests */ = {
			isa = PBXNativeTarget;
			buildConfigurationList = 849728D618D70570008789FB /* Build configuration list for PBXNativeTarget "Lesson1Tests" */;
			buildPhases = (
				849728BE18D70570008789FB /* Sources */,
				849728BF18D70570008789FB /* Frameworks */,
				849728C018D70570008789FB /* Resources */,
			);
			buildRules = (
			);
			dependencies = (
				849728C818D70570008789FB /* PBXTargetDependency */,
			);
			name = Lesson1Tests;
			productName = Lesson1Tests;
			productReference = 849728C218D70570008789FB /* Lesson1Tests.xctest */;
			productType = "com.apple.product-type.bundle.unit-test";
		};
/* End PBXNativeTarget section */

/* Begin PBXProject section */
		8497289F18D70570008789FB /* Project object */ = {
			isa = PBXProject;
			attributes = {
				LastUpgradeCheck = 0510;
				ORGANIZATIONNAME = "___FULLUSERNAME___";
				TargetAttributes = {
					849728C118D70570008789FB = {
						TestTargetID = 849728A618D70570008789FB;
					};
				};
			};
			buildConfigurationList = 849728A218D70570008789FB /* Build configuration list for PBXProject "Lesson1" */;
			compatibilityVersion = "Xcode 3.2";
			developmentRegion = English;
			hasScannedForEncodings = 0;
			knownRegions = (
				en,
			);
			mainGroup = 8497289E18D70570008789FB;
			productRefGroup = 849728A818D70570008789FB /* Products */;
			projectDirPath = "";
			projectRoot = "";
			targets = (
				849728A618D70570008789FB /* Lesson1 */,
				849728C118D70570008789FB /* Lesson1Tests */,
			);
		};
/* End PBXProject section */

/* Begin PBXResourcesBuildPhase section */
		849728A518D70570008789FB /* Resources */ = {
			isa = PBXResourcesBuildPhase;
			buildActionMask = 2147483647;
			files = (
				849728B518D70570008789FB /* InfoPlist.strings in Resources */,
				849728BD18D70570008789FB /* Images.xcassets in Resources */,
			);
			runOnlyForDeploymentPostprocessing = 0;
		};
		849728C018D70570008789FB /* Resources */ = {
			isa = PBXResourcesBuildPhase;
			buildActionMask = 2147483647;
			files = (
				849728CE18D70570008789FB /* InfoPlist.strings in Resources */,
			);
			runOnlyForDeploymentPostprocessing = 0;
		};
/* End PBXResourcesBuildPhase section */

/* Begin PBXSourcesBuildPhase section */
		849728A318D70570008789FB /* Sources */ = {
			isa = PBXSourcesBuildPhase;
			buildActionMask = 2147483647;
			files = (
				849728BB18D70570008789FB /* AppDelegate.m in Sources */,
				849728B718D70570008789FB /* main.m in Sources */,
			);
			runOnlyForDeploymentPostprocessing = 0;
		};
		849728BE18D70570008789FB /* Sources */ = {
			isa = PBXSourcesBuildPhase;
			buildActionMask = 2147483647;
			files = (
				849728D018D70570008789FB /* Lesson1Tests.m in Sources */,
			);
			runOnlyForDeploymentPostprocessing = 0;
		};
/* End PBXSourcesBuildPhase section */

/* Begin PBXTargetDependency section */
		849728C818D70570008789FB /* PBXTargetDependency */ = {
			isa = PBXTargetDependency;
			target = 849728A618D70570008789FB /* Lesson1 */;
			targetProxy = 849728C718D70570008789FB /* PBXContainerItemProxy */;
		};
/* End PBXTargetDependency section */

/* Begin PBXVariantGroup section */
		849728B318D70570008789FB /* InfoPlist.strings */ = {
			isa = PBXVariantGroup;
			children = (
				849728B418D70570008789FB /* en */,
			);
			name = InfoPlist.strings;
			sourceTree = "<group>";
		};
		849728CC18D70570008789FB /* InfoPlist.strings */ = {
			isa = PBXVariantGroup;
			children = (
				849728CD18D70570008789FB /* en */,
			);
			name = InfoPlist.strings;
			sourceTree = "<group>";
		};
/* End PBXVariantGroup section */

/* Begin XCBuildConfiguration section */
		849728D118D70570008789FB /* Debug */ = {
			isa = XCBuildConfiguration;
			buildSettings = {
				ALWAYS_SEARCH_USER_PATHS = NO;
				CLANG_CXX_LANGUAGE_STANDARD = "gnu++0x";
				CLANG_CXX_LIBRARY = "libc++";
				CLANG_ENABLE_MODULES = YES;
				CLANG_ENABLE_OBJC_ARC = YES;
				CLANG_WARN_BOOL_CONVERSION = YES;
				CLANG_WARN_CONSTANT_CONVERSION = YES;
				CLANG_WARN_DIRECT_OBJC_ISA_USAGE = YES_ERROR;
				CLANG_WARN_EMPTY_BODY = YES;
				CLANG_WARN_ENUM_CONVERSION = YES;
				CLANG_WARN_INT_CONVERSION = YES;
				CLANG_WARN_OBJC_ROOT_CLASS = YES_ERROR;
				CLANG_WARN__DUPLICATE_METHOD_MATCH = YES;
				"CODE_SIGN_IDENTITY[sdk=iphoneos*]" = "iPhone Developer";
				COPY_PHASE_STRIP = NO;
				GCC_C_LANGUAGE_STANDARD = gnu99;
				GCC_DYNAMIC_NO_PIC = NO;
				GCC_OPTIMIZATION_LEVEL = 0;
				GCC_PREPROCESSOR_DEFINITIONS = (
					"DEBUG=1",
					"$(inherited)",
				);
				GCC_SYMBOLS_PRIVATE_EXTERN = NO;
				GCC_WARN_64_TO_32_BIT_CONVERSION = YES;
				GCC_WARN_ABOUT_RETURN_TYPE = YES_ERROR;
				GCC_WARN_UNDECLARED_SELECTOR = YES;
				GCC_WARN_UNINITIALIZED_AUTOS = YES_AGGRESSIVE;
				GCC_WARN_UNUSED_FUNCTION = YES;
				GCC_WARN_UNUSED_VARIABLE = YES;
				IPHONEOS_DEPLOYMENT_TARGET = 7.1;
				ONLY_ACTIVE_ARCH = YES;
				SDKROOT = iphoneos;
				TARGETED_DEVICE_FAMILY = 2;
			};
			name = Debug;
		};
		849728D218D70570008789FB /* Release */ = {
			isa = XCBuildConfiguration;
			buildSettings = {
				ALWAYS_SEARCH_USER_PATHS = NO;
				CLANG_CXX_LANGUAGE_STANDARD = "gnu++0x";
				CLANG_CXX_LIBRARY = "libc++";
				CLANG_ENABLE_MODULES = YES;
				CLANG_ENABLE_OBJC_ARC = YES;
				CLANG_WARN_BOOL_CONVERSION = YES;
				CLANG_WARN_CONSTANT_CONVERSION = YES;
				CLANG_WARN_DIRECT_OBJC_ISA_USAGE = YES_ERROR;
				CLANG_WARN_EMPTY_BODY = YES;
				CLANG_WARN_ENUM_CONVERSION = YES;
				CLANG_WARN_INT_CONVERSION = YES;
				CLANG_WARN_OBJC_ROOT_CLASS = YES_ERROR;
				CLANG_WARN__DUPLICATE_METHOD_MATCH = YES;
				"CODE_SIGN_IDENTITY[sdk=iphoneos*]" = "iPhone Developer";
				COPY_PHASE_STRIP = YES;
				ENABLE_NS_ASSERTIONS = NO;
				GCC_C_LANGUAGE_STANDARD = gnu99;
				GCC_WARN_64_TO_32_BIT_CONVERSION = YES;
				GCC_WARN_ABOUT_RETURN_TYPE = YES_ERROR;
				GCC_WARN_UNDECLARED_SELECTOR = YES;
				GCC_WARN_UNINITIALIZED_AUTOS = YES_AGGRESSIVE;
				GCC_WARN_UNUSED_FUNCTION = YES;
				GCC_WARN_UNUSED_VARIABLE = YES;
				IPHONEOS_DEPLOYMENT_TARGET = 7.1;
				SDKROOT = iphoneos;
				TARGETED_DEVICE_FAMILY = 2;
				VALIDATE_PRODUCT = YES;
			};
			name = Release;
		};
		849728D418D70570008789FB /* Debug */ = {
			isa = XCBuildConfiguration;
			buildSettings = {
				ASSETCATALOG_COMPILER_APPICON_NAME = AppIcon;
				ASSETCATALOG_COMPILER_LAUNCHIMAGE_NAME = LaunchImage;
				GCC_PRECOMPILE_PREFIX_HEADER = YES;
				GCC_PREFIX_HEADER = "Lesson1/Lesson1-Prefix.pch";
				INFOPLIST_FILE = "Lesson1/Lesson1-Info.plist";
				PRODUCT_NAME = "$(TARGET_NAME)";
				WRAPPER_EXTENSION = app;
			};
			name = Debug;
		};
		849728D518D70570008789FB /* Release */ = {
			isa = XCBuildConfiguration;
			buildSettings = {
				ASSETCATALOG_COMPILER_APPICON_NAME = AppIcon;
				ASSETCATALOG_COMPILER_LAUNCHIMAGE_NAME = LaunchImage;
				GCC_PRECOMPILE_PREFIX_HEADER = YES;
				GCC_PREFIX_HEADER = "Lesson1/Lesson1-Prefix.pch";
				INFOPLIST_FILE = "Lesson1/Lesson1-Info.plist";
				PRODUCT_NAME = "$(TARGET_NAME)";
				WRAPPER_EXTENSION = app;
			};
			name = Release;
		};
		849728D718D70570008789FB /* Debug */ = {
			isa = XCBuildConfiguration;
			buildSettings = {
				BUNDLE_LOADER = "$(BUILT_PRODUCTS_DIR)/Lesson1.app/Lesson1";
				FRAMEWORK_SEARCH_PATHS = (
					"$(SDKROOT)/Developer/Library/Frameworks",
					"$(inherited)",
					"$(DEVELOPER_FRAMEWORKS_DIR)",
				);
				GCC_PRECOMPILE_PREFIX_HEADER = YES;
				GCC_PREFIX_HEADER = "Lesson1/Lesson1-Prefix.pch";
				GCC_PREPROCESSOR_DEFINITIONS = (
					"DEBUG=1",
					"$(inherited)",
				);
				INFOPLIST_FILE = "Lesson1Tests/Lesson1Tests-Info.plist";
				PRODUCT_NAME = "$(TARGET_NAME)";
				TEST_HOST = "$(BUNDLE_LOADER)";
				WRAPPER_EXTENSION = xctest;
			};
			name = Debug;
		};
		849728D818D70570008789FB /* Release */ = {
			isa = XCBuildConfiguration;
			buildSettings = {
				BUNDLE_LOADER = "$(BUILT_PRODUCTS_DIR)/Lesson1.app/Lesson1";
				FRAMEWORK_SEARCH_PATHS = (
					"$(SDKROOT)/Developer/Library/Frameworks",
					"$(inherited)",
					"$(DEVELOPER_FRAMEWORKS_DIR)",
				);
				GCC_PRECOMPILE_PREFIX_HEADER = YES;
				GCC_PREFIX_HEADER = "Lesson1/Lesson1-Prefix.pch";
				INFOPLIST_FILE = "Lesson1Tests/Lesson1Tests-Info.plist";
				PRODUCT_NAME = "$(TARGET_NAME)";
				TEST_HOST = "$(BUNDLE_LOADER)";
				WRAPPER_EXTENSION = xctest;
			};
			name = Release;
		};
/* End XCBuildConfiguration section */

/* Begin XCConfigurationList section */
		849728A218D70570008789FB /* Build configuration list for PBXProject "Lesson1" */ = {
			isa = XCConfigurationList;
			buildConfigurations = (
				849728D118D70570008789FB /* Debug */,
				849728D218D70570008789FB /* Release */,
			);
			defaultConfigurationIsVisible = 0;
			defaultConfigurationName = Release;
		};
		849728D318D70570008789FB /* Build configuration list for PBXNativeTarget "Lesson1" */ = {
			isa = XCConfigurationList;
			buildConfigurations = (
				849728D418D70570008789FB /* Debug */,
				849728D518D70570008789FB /* Release */,
			);
			defaultConfigurationIsVisible = 0;
		};
		849728D618D70570008789FB /* Build configuration list for PBXNativeTarget "Lesson1Tests" */ = {
			isa = XCConfigurationList;
			buildConfigurations = (
				849728D718D70570008789FB /* Debug */,
				849728D818D70570008789FB /* Release */,
			);
			defaultConfigurationIsVisible = 0;
		};
/* End XCConfigurationList section */
	};
	rootObject = 8497289F18D70570008789FB /* Project object */;
}
